// !$*UTF8*$!
{
	archiveVersion = 1;
	classes = {
	};
	objectVersion = 46;
	objects = {

/* Begin PBXBuildFile section */
		0808A0331C67E9A60038993A /* RNReactModuleCell.m in Sources */ = {isa = PBXBuildFile; fileRef = 0808A0321C67E9A60038993A /* RNReactModuleCell.m */; };
		084AEF361C6B155900A0A569 /* RNAppGlobals.m in Sources */ = {isa = PBXBuildFile; fileRef = 084AEF351C6B155900A0A569 /* RNAppGlobals.m */; };
		872545E11BAAC85D00889249 /* JSONDataSource.m in Sources */ = {isa = PBXBuildFile; fileRef = 872545D61BAAC85D00889249 /* JSONDataSource.m */; };
		872545E21BAAC85D00889249 /* RNCellView.m in Sources */ = {isa = PBXBuildFile; fileRef = 872545D81BAAC85D00889249 /* RNCellView.m */; };
		872545E31BAAC85D00889249 /* RNCellViewManager.m in Sources */ = {isa = PBXBuildFile; fileRef = 872545DA1BAAC85D00889249 /* RNCellViewManager.m */; };
		872545E41BAAC85D00889249 /* RNTableView.m in Sources */ = {isa = PBXBuildFile; fileRef = 872545DC1BAAC85D00889249 /* RNTableView.m */; };
		872545E51BAAC85D00889249 /* RNTableViewCell.m in Sources */ = {isa = PBXBuildFile; fileRef = 872545DE1BAAC85D00889249 /* RNTableViewCell.m */; };
		872545E61BAAC85D00889249 /* RNTableViewManager.m in Sources */ = {isa = PBXBuildFile; fileRef = 872545E01BAAC85D00889249 /* RNTableViewManager.m */; };
		8799E1DD1BF114F900AF9A67 /* RNTableFooterView.m in Sources */ = {isa = PBXBuildFile; fileRef = 8799E1DC1BF114F900AF9A67 /* RNTableFooterView.m */; };
		8799E1E01BF1152400AF9A67 /* RNTableFooterViewManager.m in Sources */ = {isa = PBXBuildFile; fileRef = 8799E1DF1BF1152400AF9A67 /* RNTableFooterViewManager.m */; };
		8799E1E31BF117F600AF9A67 /* RNTableHeaderView.m in Sources */ = {isa = PBXBuildFile; fileRef = 8799E1E21BF117F600AF9A67 /* RNTableHeaderView.m */; };
		8799E1E61BF1181400AF9A67 /* RNTableHeaderViewManager.m in Sources */ = {isa = PBXBuildFile; fileRef = 8799E1E51BF1181400AF9A67 /* RNTableHeaderViewManager.m */; };
/* End PBXBuildFile section */

/* Begin PBXCopyFilesBuildPhase section */
		873769931B7CD6E900F7C3C2 /* CopyFiles */ = {
			isa = PBXCopyFilesBuildPhase;
			buildActionMask = 2147483647;
			dstPath = "include/$(PRODUCT_NAME)";
			dstSubfolderSpec = 16;
			files = (
			);
			runOnlyForDeploymentPostprocessing = 0;
		};
/* End PBXCopyFilesBuildPhase section */

/* Begin PBXFileReference section */
		0808A0311C67E9A60038993A /* RNReactModuleCell.h */ = {isa = PBXFileReference; fileEncoding = 4; lastKnownFileType = sourcecode.c.h; path = RNReactModuleCell.h; sourceTree = "<group>"; };
		0808A0321C67E9A60038993A /* RNReactModuleCell.m */ = {isa = PBXFileReference; fileEncoding = 4; lastKnownFileType = sourcecode.c.objc; path = RNReactModuleCell.m; sourceTree = "<group>"; };
		084AEF341C6B155900A0A569 /* RNAppGlobals.h */ = {isa = PBXFileReference; fileEncoding = 4; lastKnownFileType = sourcecode.c.h; path = RNAppGlobals.h; sourceTree = "<group>"; };
		084AEF351C6B155900A0A569 /* RNAppGlobals.m */ = {isa = PBXFileReference; fileEncoding = 4; lastKnownFileType = sourcecode.c.objc; path = RNAppGlobals.m; sourceTree = "<group>"; };
		872545D51BAAC85D00889249 /* JSONDataSource.h */ = {isa = PBXFileReference; fileEncoding = 4; lastKnownFileType = sourcecode.c.h; path = JSONDataSource.h; sourceTree = "<group>"; };
		872545D61BAAC85D00889249 /* JSONDataSource.m */ = {isa = PBXFileReference; fileEncoding = 4; lastKnownFileType = sourcecode.c.objc; path = JSONDataSource.m; sourceTree = "<group>"; };
		872545D71BAAC85D00889249 /* RNCellView.h */ = {isa = PBXFileReference; fileEncoding = 4; lastKnownFileType = sourcecode.c.h; path = RNCellView.h; sourceTree = "<group>"; };
		872545D81BAAC85D00889249 /* RNCellView.m */ = {isa = PBXFileReference; fileEncoding = 4; lastKnownFileType = sourcecode.c.objc; path = RNCellView.m; sourceTree = "<group>"; };
		872545D91BAAC85D00889249 /* RNCellViewManager.h */ = {isa = PBXFileReference; fileEncoding = 4; lastKnownFileType = sourcecode.c.h; path = RNCellViewManager.h; sourceTree = "<group>"; };
		872545DA1BAAC85D00889249 /* RNCellViewManager.m */ = {isa = PBXFileReference; fileEncoding = 4; lastKnownFileType = sourcecode.c.objc; path = RNCellViewManager.m; sourceTree = "<group>"; };
		872545DB1BAAC85D00889249 /* RNTableView.h */ = {isa = PBXFileReference; fileEncoding = 4; lastKnownFileType = sourcecode.c.h; path = RNTableView.h; sourceTree = "<group>"; };
		872545DC1BAAC85D00889249 /* RNTableView.m */ = {isa = PBXFileReference; fileEncoding = 4; lastKnownFileType = sourcecode.c.objc; path = RNTableView.m; sourceTree = "<group>"; };
		872545DD1BAAC85D00889249 /* RNTableViewCell.h */ = {isa = PBXFileReference; fileEncoding = 4; lastKnownFileType = sourcecode.c.h; path = RNTableViewCell.h; sourceTree = "<group>"; };
		872545DE1BAAC85D00889249 /* RNTableViewCell.m */ = {isa = PBXFileReference; fileEncoding = 4; lastKnownFileType = sourcecode.c.objc; path = RNTableViewCell.m; sourceTree = "<group>"; };
		872545DF1BAAC85D00889249 /* RNTableViewManager.h */ = {isa = PBXFileReference; fileEncoding = 4; lastKnownFileType = sourcecode.c.h; path = RNTableViewManager.h; sourceTree = "<group>"; };
		872545E01BAAC85D00889249 /* RNTableViewManager.m */ = {isa = PBXFileReference; fileEncoding = 4; lastKnownFileType = sourcecode.c.objc; path = RNTableViewManager.m; sourceTree = "<group>"; };
		873769951B7CD6E900F7C3C2 /* libRNTableView.a */ = {isa = PBXFileReference; explicitFileType = archive.ar; includeInIndex = 0; path = libRNTableView.a; sourceTree = BUILT_PRODUCTS_DIR; };
		8799E1DB1BF114F900AF9A67 /* RNTableFooterView.h */ = {isa = PBXFileReference; fileEncoding = 4; lastKnownFileType = sourcecode.c.h; path = RNTableFooterView.h; sourceTree = "<group>"; };
		8799E1DC1BF114F900AF9A67 /* RNTableFooterView.m */ = {isa = PBXFileReference; fileEncoding = 4; lastKnownFileType = sourcecode.c.objc; path = RNTableFooterView.m; sourceTree = "<group>"; };
		8799E1DE1BF1152400AF9A67 /* RNTableFooterViewManager.h */ = {isa = PBXFileReference; fileEncoding = 4; lastKnownFileType = sourcecode.c.h; path = RNTableFooterViewManager.h; sourceTree = "<group>"; };
		8799E1DF1BF1152400AF9A67 /* RNTableFooterViewManager.m */ = {isa = PBXFileReference; fileEncoding = 4; lastKnownFileType = sourcecode.c.objc; path = RNTableFooterViewManager.m; sourceTree = "<group>"; };
		8799E1E11BF117F600AF9A67 /* RNTableHeaderView.h */ = {isa = PBXFileReference; fileEncoding = 4; lastKnownFileType = sourcecode.c.h; path = RNTableHeaderView.h; sourceTree = "<group>"; };
		8799E1E21BF117F600AF9A67 /* RNTableHeaderView.m */ = {isa = PBXFileReference; fileEncoding = 4; lastKnownFileType = sourcecode.c.objc; path = RNTableHeaderView.m; sourceTree = "<group>"; };
		8799E1E41BF1181400AF9A67 /* RNTableHeaderViewManager.h */ = {isa = PBXFileReference; fileEncoding = 4; lastKnownFileType = sourcecode.c.h; path = RNTableHeaderViewManager.h; sourceTree = "<group>"; };
		8799E1E51BF1181400AF9A67 /* RNTableHeaderViewManager.m */ = {isa = PBXFileReference; fileEncoding = 4; lastKnownFileType = sourcecode.c.objc; path = RNTableHeaderViewManager.m; sourceTree = "<group>"; };
/* End PBXFileReference section */

/* Begin PBXFrameworksBuildPhase section */
		873769921B7CD6E900F7C3C2 /* Frameworks */ = {
			isa = PBXFrameworksBuildPhase;
			buildActionMask = 2147483647;
			files = (
			);
			runOnlyForDeploymentPostprocessing = 0;
		};
/* End PBXFrameworksBuildPhase section */

/* Begin PBXGroup section */
		872545D41BAAC85D00889249 /* RNTableView */ = {
			isa = PBXGroup;
			children = (
				084AEF341C6B155900A0A569 /* RNAppGlobals.h */,
				084AEF351C6B155900A0A569 /* RNAppGlobals.m */,
				0808A0311C67E9A60038993A /* RNReactModuleCell.h */,
				0808A0321C67E9A60038993A /* RNReactModuleCell.m */,
				872545D51BAAC85D00889249 /* JSONDataSource.h */,
				872545D61BAAC85D00889249 /* JSONDataSource.m */,
				872545D71BAAC85D00889249 /* RNCellView.h */,
				872545D81BAAC85D00889249 /* RNCellView.m */,
				872545D91BAAC85D00889249 /* RNCellViewManager.h */,
				872545DA1BAAC85D00889249 /* RNCellViewManager.m */,
				872545DB1BAAC85D00889249 /* RNTableView.h */,
				872545DC1BAAC85D00889249 /* RNTableView.m */,
				872545DD1BAAC85D00889249 /* RNTableViewCell.h */,
				872545DE1BAAC85D00889249 /* RNTableViewCell.m */,
				872545DF1BAAC85D00889249 /* RNTableViewManager.h */,
				872545E01BAAC85D00889249 /* RNTableViewManager.m */,
				8799E1DB1BF114F900AF9A67 /* RNTableFooterView.h */,
				8799E1DC1BF114F900AF9A67 /* RNTableFooterView.m */,
				8799E1DE1BF1152400AF9A67 /* RNTableFooterViewManager.h */,
				8799E1DF1BF1152400AF9A67 /* RNTableFooterViewManager.m */,
				8799E1E11BF117F600AF9A67 /* RNTableHeaderView.h */,
				8799E1E21BF117F600AF9A67 /* RNTableHeaderView.m */,
				8799E1E41BF1181400AF9A67 /* RNTableHeaderViewManager.h */,
				8799E1E51BF1181400AF9A67 /* RNTableHeaderViewManager.m */,
			);
			path = RNTableView;
			sourceTree = "<group>";
		};
		8737698C1B7CD6E900F7C3C2 = {
			isa = PBXGroup;
			children = (
				872545D41BAAC85D00889249 /* RNTableView */,
				873769961B7CD6E900F7C3C2 /* Products */,
				873769AF1B7CD88700F7C3C2 /* Frameworks */,
			);
			sourceTree = "<group>";
		};
		873769961B7CD6E900F7C3C2 /* Products */ = {
			isa = PBXGroup;
			children = (
				873769951B7CD6E900F7C3C2 /* libRNTableView.a */,
			);
			name = Products;
			sourceTree = "<group>";
		};
		873769AF1B7CD88700F7C3C2 /* Frameworks */ = {
			isa = PBXGroup;
			children = (
			);
			name = Frameworks;
			sourceTree = "<group>";
		};
/* End PBXGroup section */

/* Begin PBXNativeTarget section */
		873769941B7CD6E900F7C3C2 /* RNTableView */ = {
			isa = PBXNativeTarget;
			buildConfigurationList = 873769A91B7CD6E900F7C3C2 /* Build configuration list for PBXNativeTarget "RNTableView" */;
			buildPhases = (
				873769911B7CD6E900F7C3C2 /* Sources */,
				873769921B7CD6E900F7C3C2 /* Frameworks */,
				873769931B7CD6E900F7C3C2 /* CopyFiles */,
			);
			buildRules = (
			);
			dependencies = (
			);
			name = RNTableView;
			productName = RCTSvg;
			productReference = 873769951B7CD6E900F7C3C2 /* libRNTableView.a */;
			productType = "com.apple.product-type.library.static";
		};
/* End PBXNativeTarget section */

/* Begin PBXProject section */
		8737698D1B7CD6E900F7C3C2 /* Project object */ = {
			isa = PBXProject;
			attributes = {
				LastUpgradeCheck = 0640;
				ORGANIZATIONNAME = "Pavlo Aksonov";
				TargetAttributes = {
					873769941B7CD6E900F7C3C2 = {
						CreatedOnToolsVersion = 6.4;
					};
				};
			};
			buildConfigurationList = 873769901B7CD6E900F7C3C2 /* Build configuration list for PBXProject "RNTableView" */;
			compatibilityVersion = "Xcode 3.2";
			developmentRegion = English;
			hasScannedForEncodings = 0;
			knownRegions = (
				en,
			);
			mainGroup = 8737698C1B7CD6E900F7C3C2;
			productRefGroup = 873769961B7CD6E900F7C3C2 /* Products */;
			projectDirPath = "";
			projectRoot = "";
			targets = (
				873769941B7CD6E900F7C3C2 /* RNTableView */,
			);
		};
/* End PBXProject section */

/* Begin PBXSourcesBuildPhase section */
		873769911B7CD6E900F7C3C2 /* Sources */ = {
			isa = PBXSourcesBuildPhase;
			buildActionMask = 2147483647;
			files = (
				872545E21BAAC85D00889249 /* RNCellView.m in Sources */,
				872545E31BAAC85D00889249 /* RNCellViewManager.m in Sources */,
				8799E1E01BF1152400AF9A67 /* RNTableFooterViewManager.m in Sources */,
				872545E51BAAC85D00889249 /* RNTableViewCell.m in Sources */,
				0808A0331C67E9A60038993A /* RNReactModuleCell.m in Sources */,
				8799E1DD1BF114F900AF9A67 /* RNTableFooterView.m in Sources */,
				8799E1E31BF117F600AF9A67 /* RNTableHeaderView.m in Sources */,
				8799E1E61BF1181400AF9A67 /* RNTableHeaderViewManager.m in Sources */,
				872545E61BAAC85D00889249 /* RNTableViewManager.m in Sources */,
				872545E11BAAC85D00889249 /* JSONDataSource.m in Sources */,
				084AEF361C6B155900A0A569 /* RNAppGlobals.m in Sources */,
				872545E41BAAC85D00889249 /* RNTableView.m in Sources */,
			);
			runOnlyForDeploymentPostprocessing = 0;
		};
/* End PBXSourcesBuildPhase section */

/* Begin XCBuildConfiguration section */
		873769A71B7CD6E900F7C3C2 /* Debug */ = {
			isa = XCBuildConfiguration;
			buildSettings = {
				ALWAYS_SEARCH_USER_PATHS = NO;
				CLANG_CXX_LANGUAGE_STANDARD = "gnu++0x";
				CLANG_CXX_LIBRARY = "libc++";
				CLANG_ENABLE_MODULES = YES;
				CLANG_ENABLE_OBJC_ARC = YES;
				CLANG_WARN_BOOL_CONVERSION = YES;
				CLANG_WARN_CONSTANT_CONVERSION = YES;
				CLANG_WARN_DIRECT_OBJC_ISA_USAGE = YES_ERROR;
				CLANG_WARN_EMPTY_BODY = YES;
				CLANG_WARN_ENUM_CONVERSION = YES;
				CLANG_WARN_INT_CONVERSION = YES;
				CLANG_WARN_OBJC_ROOT_CLASS = YES_ERROR;
				CLANG_WARN_UNREACHABLE_CODE = YES;
				CLANG_WARN__DUPLICATE_METHOD_MATCH = YES;
				COPY_PHASE_STRIP = NO;
				DEBUG_INFORMATION_FORMAT = "dwarf-with-dsym";
				ENABLE_STRICT_OBJC_MSGSEND = YES;
				GCC_C_LANGUAGE_STANDARD = gnu99;
				GCC_DYNAMIC_NO_PIC = NO;
				GCC_NO_COMMON_BLOCKS = YES;
				GCC_OPTIMIZATION_LEVEL = 0;
				GCC_PREPROCESSOR_DEFINITIONS = (
					"DEBUG=1",
					"$(inherited)",
				);
				GCC_SYMBOLS_PRIVATE_EXTERN = NO;
				GCC_WARN_64_TO_32_BIT_CONVERSION = YES;
				GCC_WARN_ABOUT_RETURN_TYPE = YES_ERROR;
				GCC_WARN_UNDECLARED_SELECTOR = YES;
				GCC_WARN_UNINITIALIZED_AUTOS = YES_AGGRESSIVE;
				GCC_WARN_UNUSED_FUNCTION = YES;
				GCC_WARN_UNUSED_VARIABLE = YES;
				IPHONEOS_DEPLOYMENT_TARGET = 8.4;
				MTL_ENABLE_DEBUG_INFO = YES;
				ONLY_ACTIVE_ARCH = YES;
				SDKROOT = iphoneos;
			};
			name = Debug;
		};
		873769A81B7CD6E900F7C3C2 /* Release */ = {
			isa = XCBuildConfiguration;
			buildSettings = {
				ALWAYS_SEARCH_USER_PATHS = NO;
				CLANG_CXX_LANGUAGE_STANDARD = "gnu++0x";
				CLANG_CXX_LIBRARY = "libc++";
				CLANG_ENABLE_MODULES = YES;
				CLANG_ENABLE_OBJC_ARC = YES;
				CLANG_WARN_BOOL_CONVERSION = YES;
				CLANG_WARN_CONSTANT_CONVERSION = YES;
				CLANG_WARN_DIRECT_OBJC_ISA_USAGE = YES_ERROR;
				CLANG_WARN_EMPTY_BODY = YES;
				CLANG_WARN_ENUM_CONVERSION = YES;
				CLANG_WARN_INT_CONVERSION = YES;
				CLANG_WARN_OBJC_ROOT_CLASS = YES_ERROR;
				CLANG_WARN_UNREACHABLE_CODE = YES;
				CLANG_WARN__DUPLICATE_METHOD_MATCH = YES;
				COPY_PHASE_STRIP = NO;
				DEBUG_INFORMATION_FORMAT = "dwarf-with-dsym";
				ENABLE_NS_ASSERTIONS = NO;
				ENABLE_STRICT_OBJC_MSGSEND = YES;
				GCC_C_LANGUAGE_STANDARD = gnu99;
				GCC_NO_COMMON_BLOCKS = YES;
				GCC_WARN_64_TO_32_BIT_CONVERSION = YES;
				GCC_WARN_ABOUT_RETURN_TYPE = YES_ERROR;
				GCC_WARN_UNDECLARED_SELECTOR = YES;
				GCC_WARN_UNINITIALIZED_AUTOS = YES_AGGRESSIVE;
				GCC_WARN_UNUSED_FUNCTION = YES;
				GCC_WARN_UNUSED_VARIABLE = YES;
				IPHONEOS_DEPLOYMENT_TARGET = 8.4;
				MTL_ENABLE_DEBUG_INFO = NO;
				SDKROOT = iphoneos;
				VALIDATE_PRODUCT = YES;
			};
			name = Release;
		};
		873769AA1B7CD6E900F7C3C2 /* Debug */ = {
			isa = XCBuildConfiguration;
			buildSettings = {
				FRAMEWORK_SEARCH_PATHS = (
					"$(inherited)",
					"$(PROJECT_DIR)",
				);
				HEADER_SEARCH_PATHS = (
					"$(inherited)",
					/Applications/Xcode.app/Contents/Developer/Toolchains/XcodeDefault.xctoolchain/usr/include,
					"$(SRCROOT)/../react-native/React/**",
					"$(SRCROOT)/../../React/**",
				);
				OTHER_LDFLAGS = "-ObjC";
				PRODUCT_NAME = RNTableView;
				SKIP_INSTALL = YES;
			};
			name = Debug;
		};
		873769AB1B7CD6E900F7C3C2 /* Release */ = {
			isa = XCBuildConfiguration;
			buildSettings = {
				FRAMEWORK_SEARCH_PATHS = (
					"$(inherited)",
					"$(PROJECT_DIR)",
				);
				HEADER_SEARCH_PATHS = (
					"$(inherited)",
					/Applications/Xcode.app/Contents/Developer/Toolchains/XcodeDefault.xctoolchain/usr/include,
					"$(SRCROOT)/../react-native/React/**",
					"$(SRCROOT)/../../React/**",
				);
				OTHER_LDFLAGS = "-ObjC";
				PRODUCT_NAME = RNTableView;
				SKIP_INSTALL = YES;
			};
			name = Release;
		};
/* End XCBuildConfiguration section */

/* Begin XCConfigurationList section */
		873769901B7CD6E900F7C3C2 /* Build configuration list for PBXProject "RNTableView" */ = {
			isa = XCConfigurationList;
			buildConfigurations = (
				873769A71B7CD6E900F7C3C2 /* Debug */,
				873769A81B7CD6E900F7C3C2 /* Release */,
			);
			defaultConfigurationIsVisible = 0;
			defaultConfigurationName = Release;
		};
		873769A91B7CD6E900F7C3C2 /* Build configuration list for PBXNativeTarget "RNTableView" */ = {
			isa = XCConfigurationList;
			buildConfigurations = (
				873769AA1B7CD6E900F7C3C2 /* Debug */,
				873769AB1B7CD6E900F7C3C2 /* Release */,
			);
			defaultConfigurationIsVisible = 0;
			defaultConfigurationName = Release;
		};
/* End XCConfigurationList section */
	};
	rootObject = 8737698D1B7CD6E900F7C3C2 /* Project object */;
}
